
Microsoft Visual Studio Solution File, Format Version 12.00
# Visual Studio Version 17
VisualStudioVersion = 17.9.34723.18
MinimumVisualStudioVersion = 10.0.40219.1
Project("{FAE04EC0-301F-11D3-BF4B-00C04F79EFBC}") = "ConsoleApp8", "ConsoleApp8\ConsoleApp8.csproj", "{A130CC72-3F03-43A2-82F7-DF7AA3659791}"
EndProject
Global
	GlobalSection(SolutionConfigurationPlatforms) = preSolution
		Debug|Any CPU = Debug|Any CPU
		Release|Any CPU = Release|Any CPU
	EndGlobalSection
	GlobalSection(ProjectConfigurationPlatforms) = postSolution
		{A130CC72-3F03-43A2-82F7-DF7AA3659791}.Debug|Any CPU.ActiveCfg = Debug|Any CPU
		{A130CC72-3F03-43A2-82F7-DF7AA3659791}.Debug|Any CPU.Build.0 = Debug|Any CPU
		{A130CC72-3F03-43A2-82F7-DF7AA3659791}.Release|Any CPU.ActiveCfg = Release|Any CPU
		{A130CC72-3F03-43A2-82F7-DF7AA3659791}.Release|Any CPU.Build.0 = Release|Any CPU
	EndGlobalSection
	GlobalSection(SolutionProperties) = preSolution
		HideSolutionNode = FALSE
	EndGlobalSection
	GlobalSection(ExtensibilityGlobals) = postSolution
		SolutionGuid = {E41152AB-D20D-48E6-A159-032C1EB6D534}
	EndGlobalSection
EndGlobal
